
Microsoft Visual Studio Solution File, Format Version 12.00
# Visual Studio 2013
Project("{FAE04EC0-301F-11D3-BF4B-00C04F79EFBC}") = "Projek_PBM_William_160415040_C.CSharp.Plugins", "Projek_PBM_William_160415040_C.CSharp.Plugins.csproj", "{C1C6A0E5-0E49-C890-B813-A7DEC6C53098}"
EndProject
Project("{FAE04EC0-301F-11D3-BF4B-00C04F79EFBC}") = "Projek_PBM_William_160415040_C.CSharp", "Projek_PBM_William_160415040_C.CSharp.csproj", "{05878252-9890-0AA9-F76C-970E354DFEC9}"
EndProject
Project("{FAE04EC0-301F-11D3-BF4B-00C04F79EFBC}") = "Projek_PBM_William_160415040_C.CSharp.Editor", "Projek_PBM_William_160415040_C.CSharp.Editor.csproj", "{B0F92A28-F345-1D0D-941A-2E54A53CEB6F}"
EndProject
Global
	GlobalSection(SolutionConfigurationPlatforms) = preSolution
		Debug|Any CPU = Debug|Any CPU
		Release|Any CPU = Release|Any CPU
	EndGlobalSection
	GlobalSection(ProjectConfigurationPlatforms) = postSolution
		{C1C6A0E5-0E49-C890-B813-A7DEC6C53098}.Debug|Any CPU.ActiveCfg = Debug|Any CPU
		{C1C6A0E5-0E49-C890-B813-A7DEC6C53098}.Debug|Any CPU.Build.0 = Debug|Any CPU
		{C1C6A0E5-0E49-C890-B813-A7DEC6C53098}.Release|Any CPU.ActiveCfg = Release|Any CPU
		{C1C6A0E5-0E49-C890-B813-A7DEC6C53098}.Release|Any CPU.Build.0 = Release|Any CPU
		{05878252-9890-0AA9-F76C-970E354DFEC9}.Debug|Any CPU.ActiveCfg = Debug|Any CPU
		{05878252-9890-0AA9-F76C-970E354DFEC9}.Debug|Any CPU.Build.0 = Debug|Any CPU
		{05878252-9890-0AA9-F76C-970E354DFEC9}.Release|Any CPU.ActiveCfg = Release|Any CPU
		{05878252-9890-0AA9-F76C-970E354DFEC9}.Release|Any CPU.Build.0 = Release|Any CPU
		{B0F92A28-F345-1D0D-941A-2E54A53CEB6F}.Debug|Any CPU.ActiveCfg = Debug|Any CPU
		{B0F92A28-F345-1D0D-941A-2E54A53CEB6F}.Debug|Any CPU.Build.0 = Debug|Any CPU
		{B0F92A28-F345-1D0D-941A-2E54A53CEB6F}.Release|Any CPU.ActiveCfg = Release|Any CPU
		{B0F92A28-F345-1D0D-941A-2E54A53CEB6F}.Release|Any CPU.Build.0 = Release|Any CPU
	EndGlobalSection
	GlobalSection(SolutionProperties) = preSolution
		HideSolutionNode = FALSE
	EndGlobalSection
EndGlobal
